
Microsoft Visual Studio Solution File, Format Version 12.00
# Visual Studio 15
VisualStudioVersion = 15.0.27703.2042
MinimumVisualStudioVersion = 10.0.40219.1
Project("{FAE04EC0-301F-11D3-BF4B-00C04F79EFBC}") = "DotNETPractice", "DotNETPractice\DotNETPractice.csproj", "{AA1EF9C1-15AD-46AD-A578-7F7B62A900C1}"
EndProject
Project("{FAE04EC0-301F-11D3-BF4B-00C04F79EFBC}") = "DotNETPractice.Tests", "DotNETPractice.Tests\DotNETPractice.Tests.csproj", "{4FB06160-ED3E-4324-990C-F3841F67BC65}"
EndProject
Global
	GlobalSection(SolutionConfigurationPlatforms) = preSolution
		Debug|Any CPU = Debug|Any CPU
		Release|Any CPU = Release|Any CPU
	EndGlobalSection
	GlobalSection(ProjectConfigurationPlatforms) = postSolution
		{AA1EF9C1-15AD-46AD-A578-7F7B62A900C1}.Debug|Any CPU.ActiveCfg = Debug|Any CPU
		{AA1EF9C1-15AD-46AD-A578-7F7B62A900C1}.Debug|Any CPU.Build.0 = Debug|Any CPU
		{AA1EF9C1-15AD-46AD-A578-7F7B62A900C1}.Release|Any CPU.ActiveCfg = Release|Any CPU
		{AA1EF9C1-15AD-46AD-A578-7F7B62A900C1}.Release|Any CPU.Build.0 = Release|Any CPU
		{4FB06160-ED3E-4324-990C-F3841F67BC65}.Debug|Any CPU.ActiveCfg = Debug|Any CPU
		{4FB06160-ED3E-4324-990C-F3841F67BC65}.Debug|Any CPU.Build.0 = Debug|Any CPU
		{4FB06160-ED3E-4324-990C-F3841F67BC65}.Release|Any CPU.ActiveCfg = Release|Any CPU
		{4FB06160-ED3E-4324-990C-F3841F67BC65}.Release|Any CPU.Build.0 = Release|Any CPU
	EndGlobalSection
	GlobalSection(SolutionProperties) = preSolution
		HideSolutionNode = FALSE
	EndGlobalSection
	GlobalSection(ExtensibilityGlobals) = postSolution
		SolutionGuid = {7C6CEA0A-AA26-42FF-954D-037618948D35}
	EndGlobalSection
EndGlobal
